// !$*UTF8*$!
{
	archiveVersion = 1;
	classes = {
	};
	objectVersion = 50;
	objects = {

/* Begin PBXBuildFile section */
		1304E55C22DC7D4A00BAF809 /* AppDelegate.swift in Sources */ = {isa = PBXBuildFile; fileRef = 1304E55B22DC7D4A00BAF809 /* AppDelegate.swift */; };
		1304E55E22DC7D4A00BAF809 /* TasksViewController.swift in Sources */ = {isa = PBXBuildFile; fileRef = 1304E55D22DC7D4A00BAF809 /* TasksViewController.swift */; };
		1304E56122DC7D4A00BAF809 /* Main.storyboard in Resources */ = {isa = PBXBuildFile; fileRef = 1304E55F22DC7D4A00BAF809 /* Main.storyboard */; };
		1304E56322DC7D4C00BAF809 /* Assets.xcassets in Resources */ = {isa = PBXBuildFile; fileRef = 1304E56222DC7D4C00BAF809 /* Assets.xcassets */; };
		1304E56622DC7D4C00BAF809 /* LaunchScreen.storyboard in Resources */ = {isa = PBXBuildFile; fileRef = 1304E56422DC7D4C00BAF809 /* LaunchScreen.storyboard */; };
		1304E58422DD8A4900BAF809 /* EmptyIndicatingTableView.swift in Sources */ = {isa = PBXBuildFile; fileRef = 1304E58122DD8A4800BAF809 /* EmptyIndicatingTableView.swift */; };
		1304E58822DD8AF100BAF809 /* EmptyMessageView.swift in Sources */ = {isa = PBXBuildFile; fileRef = 1304E58722DD8AF100BAF809 /* EmptyMessageView.swift */; };
		1304E58A22DD96E500BAF809 /* AddTaskViewController.swift in Sources */ = {isa = PBXBuildFile; fileRef = 1304E58922DD96E500BAF809 /* AddTaskViewController.swift */; };
		1304E58C22DDCD6E00BAF809 /* TaskTableDataSourceDelegate.swift in Sources */ = {isa = PBXBuildFile; fileRef = 1304E58B22DDCD6E00BAF809 /* TaskTableDataSourceDelegate.swift */; };
		1304E58E22DDDA7C00BAF809 /* TaskModel.swift in Sources */ = {isa = PBXBuildFile; fileRef = 1304E58D22DDDA7C00BAF809 /* TaskModel.swift */; };
		1304E59022DDDD7400BAF809 /* AddTaskViewModel.swift in Sources */ = {isa = PBXBuildFile; fileRef = 1304E58F22DDDD7400BAF809 /* AddTaskViewModel.swift */; };
		1304E59222DDE35500BAF809 /* TasksTableViewCell.swift in Sources */ = {isa = PBXBuildFile; fileRef = 1304E59122DDE35500BAF809 /* TasksTableViewCell.swift */; };
		1304E59422DEDE6300BAF809 /* Constants.swift in Sources */ = {isa = PBXBuildFile; fileRef = 1304E59322DEDE6300BAF809 /* Constants.swift */; };
		2D7D1F7322DE228300740510 /* ViewRepo.swift in Sources */ = {isa = PBXBuildFile; fileRef = 2D7D1F7222DE228300740510 /* ViewRepo.swift */; };
		2D7D1F7622DE239200740510 /* ButtonExtension.swift in Sources */ = {isa = PBXBuildFile; fileRef = 2D7D1F7522DE239200740510 /* ButtonExtension.swift */; };
		2D7D1F7A22DE292200740510 /* ExpandableTextView.swift in Sources */ = {isa = PBXBuildFile; fileRef = 2D7D1F7922DE292200740510 /* ExpandableTextView.swift */; };
		2D7D1F7E22DE3B9C00740510 /* TasksViewModel.swift in Sources */ = {isa = PBXBuildFile; fileRef = 2D7D1F7D22DE3B9C00740510 /* TasksViewModel.swift */; };
		2D7D1F8022DE47F800740510 /* AboutViewController.swift in Sources */ = {isa = PBXBuildFile; fileRef = 2D7D1F7F22DE47F800740510 /* AboutViewController.swift */; };
/* End PBXBuildFile section */

/* Begin PBXFileReference section */
		1304E55822DC7D4A00BAF809 /* ToDoApp.app */ = {isa = PBXFileReference; explicitFileType = wrapper.application; includeInIndex = 0; path = ToDoApp.app; sourceTree = BUILT_PRODUCTS_DIR; };
		1304E55B22DC7D4A00BAF809 /* AppDelegate.swift */ = {isa = PBXFileReference; lastKnownFileType = sourcecode.swift; path = AppDelegate.swift; sourceTree = "<group>"; };
		1304E55D22DC7D4A00BAF809 /* TasksViewController.swift */ = {isa = PBXFileReference; lastKnownFileType = sourcecode.swift; path = TasksViewController.swift; sourceTree = "<group>"; };
		1304E56022DC7D4A00BAF809 /* Base */ = {isa = PBXFileReference; lastKnownFileType = file.storyboard; name = Base; path = Base.lproj/Main.storyboard; sourceTree = "<group>"; };
		1304E56222DC7D4C00BAF809 /* Assets.xcassets */ = {isa = PBXFileReference; lastKnownFileType = folder.assetcatalog; path = Assets.xcassets; sourceTree = "<group>"; };
		1304E56522DC7D4C00BAF809 /* Base */ = {isa = PBXFileReference; lastKnownFileType = file.storyboard; name = Base; path = Base.lproj/LaunchScreen.storyboard; sourceTree = "<group>"; };
		1304E56722DC7D4C00BAF809 /* Info.plist */ = {isa = PBXFileReference; lastKnownFileType = text.plist.xml; path = Info.plist; sourceTree = "<group>"; };
		1304E58122DD8A4800BAF809 /* EmptyIndicatingTableView.swift */ = {isa = PBXFileReference; fileEncoding = 4; lastKnownFileType = sourcecode.swift; path = EmptyIndicatingTableView.swift; sourceTree = "<group>"; };
		1304E58722DD8AF100BAF809 /* EmptyMessageView.swift */ = {isa = PBXFileReference; fileEncoding = 4; lastKnownFileType = sourcecode.swift; path = EmptyMessageView.swift; sourceTree = "<group>"; };
		1304E58922DD96E500BAF809 /* AddTaskViewController.swift */ = {isa = PBXFileReference; lastKnownFileType = sourcecode.swift; path = AddTaskViewController.swift; sourceTree = "<group>"; };
		1304E58B22DDCD6E00BAF809 /* TaskTableDataSourceDelegate.swift */ = {isa = PBXFileReference; lastKnownFileType = sourcecode.swift; path = TaskTableDataSourceDelegate.swift; sourceTree = "<group>"; };
		1304E58D22DDDA7C00BAF809 /* TaskModel.swift */ = {isa = PBXFileReference; lastKnownFileType = sourcecode.swift; path = TaskModel.swift; sourceTree = "<group>"; };
		1304E58F22DDDD7400BAF809 /* AddTaskViewModel.swift */ = {isa = PBXFileReference; lastKnownFileType = sourcecode.swift; path = AddTaskViewModel.swift; sourceTree = "<group>"; };
		1304E59122DDE35500BAF809 /* TasksTableViewCell.swift */ = {isa = PBXFileReference; lastKnownFileType = sourcecode.swift; path = TasksTableViewCell.swift; sourceTree = "<group>"; };
		1304E59322DEDE6300BAF809 /* Constants.swift */ = {isa = PBXFileReference; lastKnownFileType = sourcecode.swift; path = Constants.swift; sourceTree = "<group>"; };
		2D7D1F7222DE228300740510 /* ViewRepo.swift */ = {isa = PBXFileReference; lastKnownFileType = sourcecode.swift; path = ViewRepo.swift; sourceTree = "<group>"; };
		2D7D1F7522DE239200740510 /* ButtonExtension.swift */ = {isa = PBXFileReference; lastKnownFileType = sourcecode.swift; path = ButtonExtension.swift; sourceTree = "<group>"; };
		2D7D1F7922DE292200740510 /* ExpandableTextView.swift */ = {isa = PBXFileReference; lastKnownFileType = sourcecode.swift; path = ExpandableTextView.swift; sourceTree = "<group>"; };
		2D7D1F7D22DE3B9C00740510 /* TasksViewModel.swift */ = {isa = PBXFileReference; lastKnownFileType = sourcecode.swift; path = TasksViewModel.swift; sourceTree = "<group>"; };
		2D7D1F7F22DE47F800740510 /* AboutViewController.swift */ = {isa = PBXFileReference; lastKnownFileType = sourcecode.swift; path = AboutViewController.swift; sourceTree = "<group>"; };
/* End PBXFileReference section */

/* Begin PBXFrameworksBuildPhase section */
		1304E55522DC7D4A00BAF809 /* Frameworks */ = {
			isa = PBXFrameworksBuildPhase;
			buildActionMask = 2147483647;
			files = (
			);
			runOnlyForDeploymentPostprocessing = 0;
		};
/* End PBXFrameworksBuildPhase section */

/* Begin PBXGroup section */
		1304E54F22DC7D4900BAF809 = {
			isa = PBXGroup;
			children = (
				1304E55A22DC7D4A00BAF809 /* ToDoApp */,
				1304E55922DC7D4A00BAF809 /* Products */,
			);
			sourceTree = "<group>";
		};
		1304E55922DC7D4A00BAF809 /* Products */ = {
			isa = PBXGroup;
			children = (
				1304E55822DC7D4A00BAF809 /* ToDoApp.app */,
			);
			name = Products;
			sourceTree = "<group>";
		};
		1304E55A22DC7D4A00BAF809 /* ToDoApp */ = {
			isa = PBXGroup;
			children = (
				2D7D1F7C22DE3AD000740510 /* NetworkLayer */,
				1304E55B22DC7D4A00BAF809 /* AppDelegate.swift */,
				1304E57F22DD84AD00BAF809 /* Helpers */,
				2D7D1F6D22DE21C500740510 /* Modules */,
				2D7D1F6E22DE21D600740510 /* Resources */,
				2D7D1F6C22DE21B100740510 /* Config */,
			);
			path = ToDoApp;
			sourceTree = "<group>";
		};
		1304E57F22DD84AD00BAF809 /* Helpers */ = {
			isa = PBXGroup;
			children = (
				2D7D1F7422DE238000740510 /* Utilities */,
				2D7D1F7122DE226F00740510 /* Repo */,
				2D7D1F7B22DE3A1F00740510 /* Views */,
				1304E59322DEDE6300BAF809 /* Constants.swift */,
			);
			path = Helpers;
			sourceTree = "<group>";
		};
		1304E58022DD8A4800BAF809 /* TableView */ = {
			isa = PBXGroup;
			children = (
				1304E58122DD8A4800BAF809 /* EmptyIndicatingTableView.swift */,
				1304E58722DD8AF100BAF809 /* EmptyMessageView.swift */,
				1304E58B22DDCD6E00BAF809 /* TaskTableDataSourceDelegate.swift */,
			);
			path = TableView;
			sourceTree = "<group>";
		};
		2D7D1F6C22DE21B100740510 /* Config */ = {
			isa = PBXGroup;
			children = (
				1304E56722DC7D4C00BAF809 /* Info.plist */,
			);
			path = Config;
			sourceTree = "<group>";
		};
		2D7D1F6D22DE21C500740510 /* Modules */ = {
			isa = PBXGroup;
			children = (
				1304E55F22DC7D4A00BAF809 /* Main.storyboard */,
				2D7D1F7022DE224800740510 /* Tasks */,
				2D7D1F6F22DE223B00740510 /* AddTask */,
				2D7D1F7F22DE47F800740510 /* AboutViewController.swift */,
			);
			path = Modules;
			sourceTree = "<group>";
		};
		2D7D1F6E22DE21D600740510 /* Resources */ = {
			isa = PBXGroup;
			children = (
				1304E56422DC7D4C00BAF809 /* LaunchScreen.storyboard */,
				1304E56222DC7D4C00BAF809 /* Assets.xcassets */,
			);
			path = Resources;
			sourceTree = "<group>";
		};
		2D7D1F6F22DE223B00740510 /* AddTask */ = {
			isa = PBXGroup;
			children = (
				1304E58922DD96E500BAF809 /* AddTaskViewController.swift */,
				1304E58F22DDDD7400BAF809 /* AddTaskViewModel.swift */,
			);
			path = AddTask;
			sourceTree = "<group>";
		};
		2D7D1F7022DE224800740510 /* Tasks */ = {
			isa = PBXGroup;
			children = (
				1304E55D22DC7D4A00BAF809 /* TasksViewController.swift */,
				1304E58D22DDDA7C00BAF809 /* TaskModel.swift */,
				1304E59122DDE35500BAF809 /* TasksTableViewCell.swift */,
				2D7D1F7D22DE3B9C00740510 /* TasksViewModel.swift */,
			);
			path = Tasks;
			sourceTree = "<group>";
		};
		2D7D1F7122DE226F00740510 /* Repo */ = {
			isa = PBXGroup;
			children = (
				2D7D1F7222DE228300740510 /* ViewRepo.swift */,
			);
			path = Repo;
			sourceTree = "<group>";
		};
		2D7D1F7422DE238000740510 /* Utilities */ = {
			isa = PBXGroup;
			children = (
				2D7D1F7522DE239200740510 /* ButtonExtension.swift */,
			);
			path = Utilities;
			sourceTree = "<group>";
		};
		2D7D1F7B22DE3A1F00740510 /* Views */ = {
			isa = PBXGroup;
			children = (
				1304E58022DD8A4800BAF809 /* TableView */,
				2D7D1F7922DE292200740510 /* ExpandableTextView.swift */,
			);
			path = Views;
			sourceTree = "<group>";
		};
		2D7D1F7C22DE3AD000740510 /* NetworkLayer */ = {
			isa = PBXGroup;
			children = (
			);
			path = NetworkLayer;
			sourceTree = "<group>";
		};
/* End PBXGroup section */

/* Begin PBXNativeTarget section */
		1304E55722DC7D4A00BAF809 /* ToDoApp */ = {
			isa = PBXNativeTarget;
			buildConfigurationList = 1304E57522DC7D4C00BAF809 /* Build configuration list for PBXNativeTarget "ToDoApp" */;
			buildPhases = (
				1304E55422DC7D4A00BAF809 /* Sources */,
				1304E55522DC7D4A00BAF809 /* Frameworks */,
				1304E55622DC7D4A00BAF809 /* Resources */,
			);
			buildRules = (
			);
			dependencies = (
			);
			name = ToDoApp;
			productName = ToDoApp;
			productReference = 1304E55822DC7D4A00BAF809 /* ToDoApp.app */;
			productType = "com.apple.product-type.application";
		};
/* End PBXNativeTarget section */

/* Begin PBXProject section */
		1304E55022DC7D4900BAF809 /* Project object */ = {
			isa = PBXProject;
			attributes = {
				LastSwiftUpdateCheck = 1020;
				LastUpgradeCheck = 1020;
				ORGANIZATIONNAME = "Nutan Niraula";
				TargetAttributes = {
					1304E55722DC7D4A00BAF809 = {
						CreatedOnToolsVersion = 10.2.1;
					};
				};
			};
			buildConfigurationList = 1304E55322DC7D4A00BAF809 /* Build configuration list for PBXProject "ToDoApp" */;
			compatibilityVersion = "Xcode 9.3";
			developmentRegion = en;
			hasScannedForEncodings = 0;
			knownRegions = (
				en,
				Base,
			);
			mainGroup = 1304E54F22DC7D4900BAF809;
			productRefGroup = 1304E55922DC7D4A00BAF809 /* Products */;
			projectDirPath = "";
			projectRoot = "";
			targets = (
				1304E55722DC7D4A00BAF809 /* ToDoApp */,
			);
		};
/* End PBXProject section */

/* Begin PBXResourcesBuildPhase section */
		1304E55622DC7D4A00BAF809 /* Resources */ = {
			isa = PBXResourcesBuildPhase;
			buildActionMask = 2147483647;
			files = (
				1304E56622DC7D4C00BAF809 /* LaunchScreen.storyboard in Resources */,
				1304E56322DC7D4C00BAF809 /* Assets.xcassets in Resources */,
				1304E56122DC7D4A00BAF809 /* Main.storyboard in Resources */,
			);
			runOnlyForDeploymentPostprocessing = 0;
		};
/* End PBXResourcesBuildPhase section */

/* Begin PBXSourcesBuildPhase section */
		1304E55422DC7D4A00BAF809 /* Sources */ = {
			isa = PBXSourcesBuildPhase;
			buildActionMask = 2147483647;
			files = (
				2D7D1F7622DE239200740510 /* ButtonExtension.swift in Sources */,
				1304E58822DD8AF100BAF809 /* EmptyMessageView.swift in Sources */,
				1304E59022DDDD7400BAF809 /* AddTaskViewModel.swift in Sources */,
				1304E55E22DC7D4A00BAF809 /* TasksViewController.swift in Sources */,
				1304E59222DDE35500BAF809 /* TasksTableViewCell.swift in Sources */,
				1304E59422DEDE6300BAF809 /* Constants.swift in Sources */,
				2D7D1F7322DE228300740510 /* ViewRepo.swift in Sources */,
				1304E55C22DC7D4A00BAF809 /* AppDelegate.swift in Sources */,
				2D7D1F7E22DE3B9C00740510 /* TasksViewModel.swift in Sources */,
				2D7D1F7A22DE292200740510 /* ExpandableTextView.swift in Sources */,
				1304E58422DD8A4900BAF809 /* EmptyIndicatingTableView.swift in Sources */,
				2D7D1F8022DE47F800740510 /* AboutViewController.swift in Sources */,
				1304E58C22DDCD6E00BAF809 /* TaskTableDataSourceDelegate.swift in Sources */,
				1304E58A22DD96E500BAF809 /* AddTaskViewController.swift in Sources */,
				1304E58E22DDDA7C00BAF809 /* TaskModel.swift in Sources */,
			);
			runOnlyForDeploymentPostprocessing = 0;
		};
/* End PBXSourcesBuildPhase section */

/* Begin PBXVariantGroup section */
		1304E55F22DC7D4A00BAF809 /* Main.storyboard */ = {
			isa = PBXVariantGroup;
			children = (
				1304E56022DC7D4A00BAF809 /* Base */,
			);
			name = Main.storyboard;
			sourceTree = "<group>";
		};
		1304E56422DC7D4C00BAF809 /* LaunchScreen.storyboard */ = {
			isa = PBXVariantGroup;
			children = (
				1304E56522DC7D4C00BAF809 /* Base */,
			);
			name = LaunchScreen.storyboard;
			sourceTree = "<group>";
		};
/* End PBXVariantGroup section */

/* Begin XCBuildConfiguration section */
		1304E57322DC7D4C00BAF809 /* Debug */ = {
			isa = XCBuildConfiguration;
			buildSettings = {
				ALWAYS_SEARCH_USER_PATHS = NO;
				CLANG_ANALYZER_NONNULL = YES;
				CLANG_ANALYZER_NUMBER_OBJECT_CONVERSION = YES_AGGRESSIVE;
				CLANG_CXX_LANGUAGE_STANDARD = "gnu++14";
				CLANG_CXX_LIBRARY = "libc++";
				CLANG_ENABLE_MODULES = YES;
				CLANG_ENABLE_OBJC_ARC = YES;
				CLANG_ENABLE_OBJC_WEAK = YES;
				CLANG_WARN_BLOCK_CAPTURE_AUTORELEASING = YES;
				CLANG_WARN_BOOL_CONVERSION = YES;
				CLANG_WARN_COMMA = YES;
				CLANG_WARN_CONSTANT_CONVERSION = YES;
				CLANG_WARN_DEPRECATED_OBJC_IMPLEMENTATIONS = YES;
				CLANG_WARN_DIRECT_OBJC_ISA_USAGE = YES_ERROR;
				CLANG_WARN_DOCUMENTATION_COMMENTS = YES;
				CLANG_WARN_EMPTY_BODY = YES;
				CLANG_WARN_ENUM_CONVERSION = YES;
				CLANG_WARN_INFINITE_RECURSION = YES;
				CLANG_WARN_INT_CONVERSION = YES;
				CLANG_WARN_NON_LITERAL_NULL_CONVERSION = YES;
				CLANG_WARN_OBJC_IMPLICIT_RETAIN_SELF = YES;
				CLANG_WARN_OBJC_LITERAL_CONVERSION = YES;
				CLANG_WARN_OBJC_ROOT_CLASS = YES_ERROR;
				CLANG_WARN_RANGE_LOOP_ANALYSIS = YES;
				CLANG_WARN_STRICT_PROTOTYPES = YES;
				CLANG_WARN_SUSPICIOUS_MOVE = YES;
				CLANG_WARN_UNGUARDED_AVAILABILITY = YES_AGGRESSIVE;
				CLANG_WARN_UNREACHABLE_CODE = YES;
				CLANG_WARN__DUPLICATE_METHOD_MATCH = YES;
				CODE_SIGN_IDENTITY = "iPhone Developer";
				COPY_PHASE_STRIP = NO;
				DEBUG_INFORMATION_FORMAT = dwarf;
				ENABLE_STRICT_OBJC_MSGSEND = YES;
				ENABLE_TESTABILITY = YES;
				GCC_C_LANGUAGE_STANDARD = gnu11;
				GCC_DYNAMIC_NO_PIC = NO;
				GCC_NO_COMMON_BLOCKS = YES;
				GCC_OPTIMIZATION_LEVEL = 0;
				GCC_PREPROCESSOR_DEFINITIONS = (
					"DEBUG=1",
					"$(inherited)",
				);
				GCC_WARN_64_TO_32_BIT_CONVERSION = YES;
				GCC_WARN_ABOUT_RETURN_TYPE = YES_ERROR;
				GCC_WARN_UNDECLARED_SELECTOR = YES;
				GCC_WARN_UNINITIALIZED_AUTOS = YES_AGGRESSIVE;
				GCC_WARN_UNUSED_FUNCTION = YES;
				GCC_WARN_UNUSED_VARIABLE = YES;
				IPHONEOS_DEPLOYMENT_TARGET = 12.2;
				MTL_ENABLE_DEBUG_INFO = INCLUDE_SOURCE;
				MTL_FAST_MATH = YES;
				ONLY_ACTIVE_ARCH = YES;
				SDKROOT = iphoneos;
				SWIFT_ACTIVE_COMPILATION_CONDITIONS = DEBUG;
				SWIFT_OPTIMIZATION_LEVEL = "-Onone";
			};
			name = Debug;
		};
		1304E57422DC7D4C00BAF809 /* Release */ = {
			isa = XCBuildConfiguration;
			buildSettings = {
				ALWAYS_SEARCH_USER_PATHS = NO;
				CLANG_ANALYZER_NONNULL = YES;
				CLANG_ANALYZER_NUMBER_OBJECT_CONVERSION = YES_AGGRESSIVE;
				CLANG_CXX_LANGUAGE_STANDARD = "gnu++14";
				CLANG_CXX_LIBRARY = "libc++";
				CLANG_ENABLE_MODULES = YES;
				CLANG_ENABLE_OBJC_ARC = YES;
				CLANG_ENABLE_OBJC_WEAK = YES;
				CLANG_WARN_BLOCK_CAPTURE_AUTORELEASING = YES;
				CLANG_WARN_BOOL_CONVERSION = YES;
				CLANG_WARN_COMMA = YES;
				CLANG_WARN_CONSTANT_CONVERSION = YES;
				CLANG_WARN_DEPRECATED_OBJC_IMPLEMENTATIONS = YES;
				CLANG_WARN_DIRECT_OBJC_ISA_USAGE = YES_ERROR;
				CLANG_WARN_DOCUMENTATION_COMMENTS = YES;
				CLANG_WARN_EMPTY_BODY = YES;
				CLANG_WARN_ENUM_CONVERSION = YES;
				CLANG_WARN_INFINITE_RECURSION = YES;
				CLANG_WARN_INT_CONVERSION = YES;
				CLANG_WARN_NON_LITERAL_NULL_CONVERSION = YES;
				CLANG_WARN_OBJC_IMPLICIT_RETAIN_SELF = YES;
				CLANG_WARN_OBJC_LITERAL_CONVERSION = YES;
				CLANG_WARN_OBJC_ROOT_CLASS = YES_ERROR;
				CLANG_WARN_RANGE_LOOP_ANALYSIS = YES;
				CLANG_WARN_STRICT_PROTOTYPES = YES;
				CLANG_WARN_SUSPICIOUS_MOVE = YES;
				CLANG_WARN_UNGUARDED_AVAILABILITY = YES_AGGRESSIVE;
				CLANG_WARN_UNREACHABLE_CODE = YES;
				CLANG_WARN__DUPLICATE_METHOD_MATCH = YES;
				CODE_SIGN_IDENTITY = "iPhone Developer";
				COPY_PHASE_STRIP = NO;
				DEBUG_INFORMATION_FORMAT = "dwarf-with-dsym";
				ENABLE_NS_ASSERTIONS = NO;
				ENABLE_STRICT_OBJC_MSGSEND = YES;
				GCC_C_LANGUAGE_STANDARD = gnu11;
				GCC_NO_COMMON_BLOCKS = YES;
				GCC_WARN_64_TO_32_BIT_CONVERSION = YES;
				GCC_WARN_ABOUT_RETURN_TYPE = YES_ERROR;
				GCC_WARN_UNDECLARED_SELECTOR = YES;
				GCC_WARN_UNINITIALIZED_AUTOS = YES_AGGRESSIVE;
				GCC_WARN_UNUSED_FUNCTION = YES;
				GCC_WARN_UNUSED_VARIABLE = YES;
				IPHONEOS_DEPLOYMENT_TARGET = 12.2;
				MTL_ENABLE_DEBUG_INFO = NO;
				MTL_FAST_MATH = YES;
				SDKROOT = iphoneos;
				SWIFT_COMPILATION_MODE = wholemodule;
				SWIFT_OPTIMIZATION_LEVEL = "-O";
				VALIDATE_PRODUCT = YES;
			};
			name = Release;
		};
		1304E57622DC7D4C00BAF809 /* Debug */ = {
			isa = XCBuildConfiguration;
			buildSettings = {
				ASSETCATALOG_COMPILER_APPICON_NAME = AppIcon;
				CODE_SIGN_IDENTITY = "iPhone Developer";
				CODE_SIGN_STYLE = Automatic;
				DEVELOPMENT_TEAM = HYZ4RMQG87;
				INFOPLIST_FILE = "$(SRCROOT)/ToDoApp/Config/Info.plist";
				LD_RUNPATH_SEARCH_PATHS = (
					"$(inherited)",
					"@executable_path/Frameworks",
				);
				PRODUCT_BUNDLE_IDENTIFIER = com.workshop.ToDoApp;
				PRODUCT_NAME = "$(TARGET_NAME)";
				PROVISIONING_PROFILE_SPECIFIER = "";
				SWIFT_VERSION = 5.0;
				TARGETED_DEVICE_FAMILY = "1,2";
			};
			name = Debug;
		};
		1304E57722DC7D4C00BAF809 /* Release */ = {
			isa = XCBuildConfiguration;
			buildSettings = {
				ASSETCATALOG_COMPILER_APPICON_NAME = AppIcon;
				CODE_SIGN_IDENTITY = "iPhone Developer";
				CODE_SIGN_STYLE = Automatic;
				DEVELOPMENT_TEAM = HYZ4RMQG87;
				INFOPLIST_FILE = "$(SRCROOT)/ToDoApp/Config/Info.plist";
				LD_RUNPATH_SEARCH_PATHS = (
					"$(inherited)",
					"@executable_path/Frameworks",
				);
				PRODUCT_BUNDLE_IDENTIFIER = com.workshop.ToDoApp;
				PRODUCT_NAME = "$(TARGET_NAME)";
				PROVISIONING_PROFILE_SPECIFIER = "";
				SWIFT_VERSION = 5.0;
				TARGETED_DEVICE_FAMILY = "1,2";
			};
			name = Release;
		};
/* End XCBuildConfiguration section */

/* Begin XCConfigurationList section */
		1304E55322DC7D4A00BAF809 /* Build configuration list for PBXProject "ToDoApp" */ = {
			isa = XCConfigurationList;
			buildConfigurations = (
				1304E57322DC7D4C00BAF809 /* Debug */,
				1304E57422DC7D4C00BAF809 /* Release */,
			);
			defaultConfigurationIsVisible = 0;
			defaultConfigurationName = Release;
		};
		1304E57522DC7D4C00BAF809 /* Build configuration list for PBXNativeTarget "ToDoApp" */ = {
			isa = XCConfigurationList;
			buildConfigurations = (
				1304E57622DC7D4C00BAF809 /* Debug */,
				1304E57722DC7D4C00BAF809 /* Release */,
			);
			defaultConfigurationIsVisible = 0;
			defaultConfigurationName = Release;
		};
/* End XCConfigurationList section */
	};
	rootObject = 1304E55022DC7D4900BAF809 /* Project object */;
}
